{
    "requires": true,
    "lockfileVersion": 1,
    "dependencies": {
        "bower": {
            "version": "1.8.8",
            "resolved": "https://registry.npmjs.org/bower/-/bower-1.8.8.tgz",
            "integrity": "sha512-1SrJnXnkP9soITHptSO+ahx3QKp3cVzn8poI6ujqc5SeOkg5iqM1pK9H+DSc2OQ8SnO0jC/NG4Ur/UIwy7574A=="
        },
        "jquery": {
            "version": "3.4.1",
            "resolved": "https://registry.npmjs.org/jquery/-/jquery-3.4.1.tgz",
            "integrity": "sha512-36+AdBzCL+y6qjw5Tx7HgzeGCzC81MDDgaUP8ld2zhx58HdqXGoBd+tHdrBMiyjGQs0Hxs/MLZTu/eHNJJuWPw=="
        },
        "summernote": {
            "version": "0.8.15",
            "resolved": "https://registry.npmjs.org/summernote/-/summernote-0.8.15.tgz",
            "integrity": "sha512-52DYp7BWOLsAteMLHg+1pDgQMP5e6IfXmTpl4XnfY5JIMlOLUQtq6/5xwoV4C2d8T6xjvfuYJom9W2/4z28IeQ==",
            "requires": {
                "jquery": "^3.4.1"
            }
        }
    }
}
